{
  "name": "WebPerformance",
  "lockfileVersion": 2,
  "requires": true,
  "packages": {
    "": {
      "dependencies": {
        "gtmetrix": "^1.3.0"
      }
    },
    "node_modules/es6-promisify": {
      "version": "6.1.1",
      "resolved": "https://registry.npmjs.org/es6-promisify/-/es6-promisify-6.1.1.tgz",
      "integrity": "sha512-HBL8I3mIki5C1Cc9QjKUenHtnG0A5/xA8Q/AllRcfiwl2CZFXGK7ddBiCoRwAix4i2KxcQfjtIVcrVbB3vbmwg=="
    },
    "node_modules/gtmetrix": {
      "version": "1.3.0",
      "resolved": "https://registry.npmjs.org/gtmetrix/-/gtmetrix-1.3.0.tgz",
      "integrity": "sha512-eCO/Tr0DtQbw+wxieCf/rUCnHdvzdWfKflVYn39Tc2SE8PKcrOH5Ua85q3WqMUoUEih0EINc9PBqhor+Tf7HfA==",
      "dependencies": {
        "es6-promisify": "^6.0.0",
        "httpreq": "^0.4.24"
      },
      "engines": {
        "node": ">=6.0.0"
      }
    },
    "node_modules/httpreq": {
      "version": "0.4.24",
      "resolved": "https://registry.npmjs.org/httpreq/-/httpreq-0.4.24.tgz",
      "integrity": "sha1-QzX/2CzZaWaKOUZckprGHWOTYn8=",
      "engines": {
        "node": ">= 0.8.0"
      }
    }
  },
  "dependencies": {
    "es6-promisify": {
      "version": "6.1.1",
      "resolved": "https://registry.npmjs.org/es6-promisify/-/es6-promisify-6.1.1.tgz",
      "integrity": "sha512-HBL8I3mIki5C1Cc9QjKUenHtnG0A5/xA8Q/AllRcfiwl2CZFXGK7ddBiCoRwAix4i2KxcQfjtIVcrVbB3vbmwg=="
    },
    "gtmetrix": {
      "version": "1.3.0",
      "resolved": "https://registry.npmjs.org/gtmetrix/-/gtmetrix-1.3.0.tgz",
      "integrity": "sha512-eCO/Tr0DtQbw+wxieCf/rUCnHdvzdWfKflVYn39Tc2SE8PKcrOH5Ua85q3WqMUoUEih0EINc9PBqhor+Tf7HfA==",
      "requires": {
        "es6-promisify": "^6.0.0",
        "httpreq": "^0.4.24"
      }
    },
    "httpreq": {
      "version": "0.4.24",
      "resolved": "https://registry.npmjs.org/httpreq/-/httpreq-0.4.24.tgz",
      "integrity": "sha1-QzX/2CzZaWaKOUZckprGHWOTYn8="
    }
  }
}
